[[dependencies]]
name = "@openzeppelin-contracts"
version = "4.9.6"
git = "https://github.com/OpenZeppelin/openzeppelin-contracts.git"
rev = "dc44c9f1a4c3b10af99492eed84f83ed244203f6"

[[dependencies]]
name = "forge-std"
version = "1.9.6"
git = "https://github.com/foundry-rs/forge-std.git"
rev = "3b20d60d14b343ee4f908cb8079495c07f5e8981"
